{
    "_meta": {
        "hash": {
            "sha256": "adea974d76aee5a17aecf2a63a86551cb62320581af4b7ac418d4754a80ed47d"
        },
        "pipfile-spec": 6,
        "requires": {
            "python_version": "3.11"
        },
        "sources": [
            {
                "name": "pypi",
                "url": "https://pypi.org/simple",
                "verify_ssl": true
            }
        ]
    },
    "default": {
        "asgiref": {
            "hashes": [
                "sha256:5f184dc43b7e763efe848065441eac62229c9f7b0475f41f80e207a114eda4ce",
                "sha256:e8667a091e69529631969fd45dc268fa79b99c92c5fcdda727757e52146ec133"
            ],
            "markers": "python_version >= '3.9'",
            "version": "==3.11.1"
        },
        "async-timeout": {
            "hashes": [
                "sha256:39e3809566ff85354557ec2398b55e096c8364bacac9405a7a1fa429e77fe76c",
                "sha256:d9321a7a3d5a6a5e187e824d2fa0793ce379a202935782d555d6e9d2735677d3"
            ],
            "markers": "python_version >= '3.8'",
            "version": "==5.0.1"
        },
        "attrs": {
            "hashes": [
                "sha256:c647aa4a12dfbad9333ca4e71fe62ddc36f4e63b2d260a37a8b83d2f043ac309",
                "sha256:d03ceb89cb322a8fd706d4fb91940737b6642aa36998fe130a9bc96c985eff32"
            ],
            "markers": "python_version >= '3.9'",
            "version": "==26.1.0"
        },
        "autobahn": {
            "hashes": [
                "sha256:0ad4c10c897ad67d31be2ef8547ed2922875d90ddb95553787cc46c271f822de",
                "sha256:0c226329ddec154c6f3b491ea3e4713035f0326c96ebfd6b305bf90f27a2fba1",
                "sha256:16df879672c60f1f3fe452138c80f0fd221b3cb2ee5a14390c80f33b994104c1",
                "sha256:18b12e8af7fc115487715afa10b3f5b5a4b5989bebbe05b71722cf9fce7b1bfb",
                "sha256:220748f21e91bd4a538d2d3de640cc17ee30b79f1c04a6c3dcdef321d531ee1c",
                "sha256:3ec6a3719a00fd57b044e4694f3d6e9335892f4ef21f045f090495da7385d240",
                "sha256:5f079393a7626eb448c8accf21151f5f206d02f8e9cee4313d62a5ca30a3aaed",
                "sha256:6ffe28048ef96eb0f925f24c2569bd72332e120f4cb31cd6c40dd66718a5f85e",
                "sha256:754c06a54753aeb7e8d10c5cbf03249ad9e2a1a32bca8be02865c6f00628a98c",
                "sha256:9abda5cf817c0f8a19a55a67a031adf2fc70ed351719b5bd9e6fa0f5f4bc8f89",
                "sha256:9b3a6c7d54a9f0434a435d88b86555510e5d0a84aa87042e292f29f707cab237",
                "sha256:b5297a782fc7d0a26842438ef1342549ceee29496cda52672ac44635c79eeb94",
                "sha256:ba1867aafdbe585d3d4a5abd35238a78ab54ab3de5bd12a21bca20379c9f512b",
                "sha256:bc17f6cab9438156d2701c293c76fd02a144f9be0a992c065dfee1935ce4845b",
                "sha256:c0c3f1d5dafda52f8dc962ab583b6f3473b7b7186cab082d05372ed43a8261a5",
                "sha256:c840ee136bfaf6560467160129b0b25a0e33c9a51e2b251e98c5474f27583915",
                "sha256:e9e2a962f2de0bc4c53b452916458417a15f5137c956245ac6d0a783a83fa1f7"
            ],
            "markers": "python_version >= '3.11'",
            "version": "==25.12.2"
        },
        "automat": {
            "hashes": [
                "sha256:0017591a5477066e90d26b0e696ddc143baafd87b588cfac8100bc6be9634de0",
                "sha256:04e9bce696a8d5671ee698005af6e5a9fa15354140a87f4870744604dcdd3ba1"
            ],
            "markers": "python_version >= '3.9'",
            "version": "==25.4.16"
        },
        "cbor2": {
            "hashes": [
                "sha256:02364d8fc86b6840c104238f1165ac9d5b35c767c2178d2b18ee0bf3d4b50549",
                "sha256:06730f23bf0754456b90b9879eaae0d42521168529f216aa8915c0fc81a0a31c",
                "sha256:0d0831b449567ee27afa25ff2756ac8719f11491f700396edb1dc1647ece7111",
                "sha256:0f027e077345ba7d1a88cbed9168196e77f5ce8e8c816305bb1c7a2e4894bddf",
                "sha256:16e6df5a4971c2006805669be472a43bb382d0f3464c2236634b4e93095d7dd6",
                "sha256:199cbe1fa0326ec06f1d986bdfe488b3cafd2b1b5367a81c8f53c8364cab4803",
                "sha256:1f72e5f7e42a92f5ad2486dd14431bd09f966d167fc9e61cecef6740acf1b451",
                "sha256:25f48c105e5f1a7fec1986044804a235153d3204722a49ad57f3494e6c16286a",
                "sha256:2fc17da21cbb9b13fabe2d6e18dfa9b7f37b2e9d08f8c07b63950c3528b3329d",
                "sha256:350beaac7a6049fe0a48309d7acd24611ab1176b4db1515f7fbcad20f5c09821",
                "sha256:4642780d27c0b411f4669fcb82e0d7a6b93a0c41c03a0c51296fd6f6858f63fa",
                "sha256:47d2616d30212bd3db8c2897b453176401569e0e4ec3434b770e9652604d74c5",
                "sha256:4a43ca8a587c63eab26c4fae8ebf1984eff678a7a700f59c7bc07408ea62ba32",
                "sha256:53ce298844c57b987c7d829d7e9c4ee48e0386d30e5ac32e44654a398fa27313",
                "sha256:559025ad8e1f9f5d019a40dc8f14f43c111c11207b4dde852e943a3002b43ec0",
                "sha256:596418d033cff6eb0de9cb4ae63dd91c80e68d4ed01e1d0c61ad51709acc8ed2",
                "sha256:616bc0538095860fe5607cc06d7b2de3e261a6caccd01ff3f1d4a4a9ad29adbf",
                "sha256:63ab065ae26e48d39fc6f4d7f44dd0780afdb91a70ffb8f33e281f54ee35ad14",
                "sha256:6f0644869e0fdcd6f3874330b8f1cebd009f33191de43acf609dc2409cd362c4",
                "sha256:710b4b33f525c7e005e62f28d7c512bfd1e7c208105e3a21f56f8051e55bb020",
                "sha256:74bf0c3f48d215d49a99eb253fef6c00c19033339da22da4c29b53fe854093b8",
                "sha256:770d52631e2e6e4f988000f134cc98c1efc32a3b8723ec3ac8d13d871ebf5c62",
                "sha256:7b193d2d024bb5d037e613272f5e436d53f02301101f0ce3916117688643181f",
                "sha256:81af6e3a031191b483ca42b16d152627c6a9dc61c1fbef270403820ab587fc86",
                "sha256:835f789f526ca7e729a8957da5ff6f33dfbda6c0b068695d01872fd6e35bbec2",
                "sha256:86c65976e9e69154700ea5a447013f37ff8cb76431adf9df3ebbabe341b68b06",
                "sha256:8df2a530b45c7769ed43c02e3f7c9841ed4990887e1c29858b08363a35067bf5",
                "sha256:911b34263f39300dd8ec6b78f247b257caba0bbcd278bd2421a54d45595ff602",
                "sha256:91dac40fc0b8e0592a3e8d766377af3186e2736448c684465cca8606486e58ae",
                "sha256:926c75f849e7cfcbedf0bf76bf812ca87c9e48e3fa441706c704ad3440629e82",
                "sha256:a091b723d94bbd5072edc2d07786b413b967f62365853f6daef9fa1bee6de0d1",
                "sha256:a409b0b6de923f68f5e35287f25ec654fc68135991e41ae9a1c500ddd982c1fb",
                "sha256:a6690f7df210386866e120475183132df98f77bf6df624097f66e3214e775084",
                "sha256:a731277d123cee9c87e649077376f694892e4a2c3b0b1cb97132205c620947d8",
                "sha256:a73b3128565a94d40e97a6f4740b0c344a6fa55e1c5642f6d2d97bfb63e192f5",
                "sha256:b8594563ccfd56f2bb56cdd8445f7a1f00d3065d84ea06f8e361da765abee08f",
                "sha256:be5ccd594ea6f1998cd83afb53b47e383e5efd7661a316a528216412109221c7",
                "sha256:bf3ef1fae6f14081a15f178e933ab846d3181f059ee4090975518b71f58bb09f",
                "sha256:cba9a9ebc031267b76c2bdfd4a5a491874c27339d6ec9d0895fc4fde8f519565",
                "sha256:ce0e9a33d7ee2c8f47ae216be68a3a0a4d6d9832594a69e34be070cf6d13a9d8",
                "sha256:d63181b5b213ab72eed01e62bfa4c994fe7de68433d12548d54156411ba0aac4",
                "sha256:d97e577d93e15a50c3eeb0da6cf0b94e8aea4a1c541d9b41d06d1c96ce83dbd3",
                "sha256:e3192f3d806478d510860d4f908a70bffaf74135afa7575d96aa76531bd71c5c",
                "sha256:f0bc04543c562bd0b35fc79a29528017fe63104757c1b421d8c1ddfbe6761eca",
                "sha256:f4898b5463a567775a05310407dbea5b4a8d7ae8e81337ae9084f5fe226938ff",
                "sha256:fa143540f6e7240360755d95e34b4faa0ef921cc37cbb5f5d5d508b7368b0ebc",
                "sha256:fc389db70aa0f4b639bf4605b6d7f8ffcce5a613fbfece84a6312e89e6bb417b",
                "sha256:fc9379958c0ecd27b2a23f340d886ab70dbea0639934545084f0d3aea996e11b",
                "sha256:fd9d300ad983b860fbfb0ab148ddd3a379be25430bb141ad41344adc1c0792c1"
            ],
            "markers": "python_version >= '3.10'",
            "version": "==6.1.1"
        },
        "cffi": {
            "hashes": [
                "sha256:00bdf7acc5f795150faa6957054fbbca2439db2f775ce831222b66f192f03beb",
                "sha256:07b271772c100085dd28b74fa0cd81c8fb1a3ba18b21e03d7c27f3436a10606b",
                "sha256:087067fa8953339c723661eda6b54bc98c5625757ea62e95eb4898ad5e776e9f",
                "sha256:0a1527a803f0a659de1af2e1fd700213caba79377e27e4693648c2923da066f9",
                "sha256:0cf2d91ecc3fcc0625c2c530fe004f82c110405f101548512cce44322fa8ac44",
                "sha256:0f6084a0ea23d05d20c3edcda20c3d006f9b6f3fefeac38f59262e10cef47ee2",
                "sha256:12873ca6cb9b0f0d3a0da705d6086fe911591737a59f28b7936bdfed27c0d47c",
                "sha256:19f705ada2530c1167abacb171925dd886168931e0a7b78f5bffcae5c6b5be75",
                "sha256:1cd13c99ce269b3ed80b417dcd591415d3372bcac067009b6e0f59c7d4015e65",
                "sha256:1e3a615586f05fc4065a8b22b8152f0c1b00cdbc60596d187c2a74f9e3036e4e",
                "sha256:1f72fb8906754ac8a2cc3f9f5aaa298070652a0ffae577e0ea9bd480dc3c931a",
                "sha256:1fc9ea04857caf665289b7a75923f2c6ed559b8298a1b8c49e59f7dd95c8481e",
                "sha256:203a48d1fb583fc7d78a4c6655692963b860a417c0528492a6bc21f1aaefab25",
                "sha256:2081580ebb843f759b9f617314a24ed5738c51d2aee65d31e02f6f7a2b97707a",
                "sha256:21d1152871b019407d8ac3985f6775c079416c282e431a4da6afe7aefd2bccbe",
                "sha256:24b6f81f1983e6df8db3adc38562c83f7d4a0c36162885ec7f7b77c7dcbec97b",
                "sha256:256f80b80ca3853f90c21b23ee78cd008713787b1b1e93eae9f3d6a7134abd91",
                "sha256:28a3a209b96630bca57cce802da70c266eb08c6e97e5afd61a75611ee6c64592",
                "sha256:2c8f814d84194c9ea681642fd164267891702542f028a15fc97d4674b6206187",
                "sha256:2de9a304e27f7596cd03d16f1b7c72219bd944e99cc52b84d0145aefb07cbd3c",
                "sha256:38100abb9d1b1435bc4cc340bb4489635dc2f0da7456590877030c9b3d40b0c1",
                "sha256:3925dd22fa2b7699ed2617149842d2e6adde22b262fcbfada50e3d195e4b3a94",
                "sha256:3e17ed538242334bf70832644a32a7aae3d83b57567f9fd60a26257e992b79ba",
                "sha256:3e837e369566884707ddaf85fc1744b47575005c0a229de3327f8f9a20f4efeb",
                "sha256:3f4d46d8b35698056ec29bca21546e1551a205058ae1a181d871e278b0b28165",
                "sha256:44d1b5909021139fe36001ae048dbdde8214afa20200eda0f64c068cac5d5529",
                "sha256:45d5e886156860dc35862657e1494b9bae8dfa63bf56796f2fb56e1679fc0bca",
                "sha256:4647afc2f90d1ddd33441e5b0e85b16b12ddec4fca55f0d9671fef036ecca27c",
                "sha256:4671d9dd5ec934cb9a73e7ee9676f9362aba54f7f34910956b84d727b0d73fb6",
                "sha256:53f77cbe57044e88bbd5ed26ac1d0514d2acf0591dd6bb02a3ae37f76811b80c",
                "sha256:5eda85d6d1879e692d546a078b44251cdd08dd1cfb98dfb77b670c97cee49ea0",
                "sha256:5fed36fccc0612a53f1d4d9a816b50a36702c28a2aa880cb8a122b3466638743",
                "sha256:61d028e90346df14fedc3d1e5441df818d095f3b87d286825dfcbd6459b7ef63",
                "sha256:66f011380d0e49ed280c789fbd08ff0d40968ee7b665575489afa95c98196ab5",
                "sha256:6824f87845e3396029f3820c206e459ccc91760e8fa24422f8b0c3d1731cbec5",
                "sha256:6c6c373cfc5c83a975506110d17457138c8c63016b563cc9ed6e056a82f13ce4",
                "sha256:6d02d6655b0e54f54c4ef0b94eb6be0607b70853c45ce98bd278dc7de718be5d",
                "sha256:6d50360be4546678fc1b79ffe7a66265e28667840010348dd69a314145807a1b",
                "sha256:730cacb21e1bdff3ce90babf007d0a0917cc3e6492f336c2f0134101e0944f93",
                "sha256:737fe7d37e1a1bffe70bd5754ea763a62a066dc5913ca57e957824b72a85e205",
                "sha256:74a03b9698e198d47562765773b4a8309919089150a0bb17d829ad7b44b60d27",
                "sha256:7553fb2090d71822f02c629afe6042c299edf91ba1bf94951165613553984512",
                "sha256:7a66c7204d8869299919db4d5069a82f1561581af12b11b3c9f48c584eb8743d",
                "sha256:7cc09976e8b56f8cebd752f7113ad07752461f48a58cbba644139015ac24954c",
                "sha256:81afed14892743bbe14dacb9e36d9e0e504cd204e0b165062c488942b9718037",
                "sha256:8941aaadaf67246224cee8c3803777eed332a19d909b47e29c9842ef1e79ac26",
                "sha256:89472c9762729b5ae1ad974b777416bfda4ac5642423fa93bd57a09204712322",
                "sha256:8ea985900c5c95ce9db1745f7933eeef5d314f0565b27625d9a10ec9881e1bfb",
                "sha256:8eca2a813c1cb7ad4fb74d368c2ffbbb4789d377ee5bb8df98373c2cc0dee76c",
                "sha256:92b68146a71df78564e4ef48af17551a5ddd142e5190cdf2c5624d0c3ff5b2e8",
                "sha256:9332088d75dc3241c702d852d4671613136d90fa6881da7d770a483fd05248b4",
                "sha256:94698a9c5f91f9d138526b48fe26a199609544591f859c870d477351dc7b2414",
                "sha256:9a67fc9e8eb39039280526379fb3a70023d77caec1852002b4da7e8b270c4dd9",
                "sha256:9de40a7b0323d889cf8d23d1ef214f565ab154443c42737dfe52ff82cf857664",
                "sha256:a05d0c237b3349096d3981b727493e22147f934b20f6f125a3eba8f994bec4a9",
                "sha256:afb8db5439b81cf9c9d0c80404b60c3cc9c3add93e114dcae767f1477cb53775",
                "sha256:b18a3ed7d5b3bd8d9ef7a8cb226502c6bf8308df1525e1cc676c3680e7176739",
                "sha256:b1e74d11748e7e98e2f426ab176d4ed720a64412b6a15054378afdb71e0f37dc",
                "sha256:b21e08af67b8a103c71a250401c78d5e0893beff75e28c53c98f4de42f774062",
                "sha256:b4c854ef3adc177950a8dfc81a86f5115d2abd545751a304c5bcf2c2c7283cfe",
                "sha256:b882b3df248017dba09d6b16defe9b5c407fe32fc7c65a9c69798e6175601be9",
                "sha256:baf5215e0ab74c16e2dd324e8ec067ef59e41125d3eade2b863d294fd5035c92",
                "sha256:c649e3a33450ec82378822b3dad03cc228b8f5963c0c12fc3b1e0ab940f768a5",
                "sha256:c654de545946e0db659b3400168c9ad31b5d29593291482c43e3564effbcee13",
                "sha256:c6638687455baf640e37344fe26d37c404db8b80d037c3d29f58fe8d1c3b194d",
                "sha256:c8d3b5532fc71b7a77c09192b4a5a200ea992702734a2e9279a37f2478236f26",
                "sha256:cb527a79772e5ef98fb1d700678fe031e353e765d1ca2d409c92263c6d43e09f",
                "sha256:cf364028c016c03078a23b503f02058f1814320a56ad535686f90565636a9495",
                "sha256:d48a880098c96020b02d5a1f7d9251308510ce8858940e6fa99ece33f610838b",
                "sha256:d68b6cef7827e8641e8ef16f4494edda8b36104d79773a334beaa1e3521430f6",
                "sha256:d9b29c1f0ae438d5ee9acb31cadee00a58c46cc9c0b2f9038c6b0b3470877a8c",
                "sha256:d9b97165e8aed9272a6bb17c01e3cc5871a594a446ebedc996e2397a1c1ea8ef",
                "sha256:da68248800ad6320861f129cd9c1bf96ca849a2771a59e0344e88681905916f5",
                "sha256:da902562c3e9c550df360bfa53c035b2f241fed6d9aef119048073680ace4a18",
                "sha256:dbd5c7a25a7cb98f5ca55d258b103a2054f859a46ae11aaf23134f9cc0d356ad",
                "sha256:dd4f05f54a52fb558f1ba9f528228066954fee3ebe629fc1660d874d040ae5a3",
                "sha256:de8dad4425a6ca6e4e5e297b27b5c824ecc7581910bf9aee86cb6835e6812aa7",
                "sha256:e11e82b744887154b182fd3e7e8512418446501191994dbf9c9fc1f32cc8efd5",
                "sha256:e6e73b9e02893c764e7e8d5bb5ce277f1a009cd5243f8228f75f842bf937c534",
                "sha256:f73b96c41e3b2adedc34a7356e64c8eb96e03a3782b535e043a986276ce12a49",
                "sha256:f93fd8e5c8c0a4aa1f424d6173f14a892044054871c771f8566e4008eaa359d2",
                "sha256:fc33c5141b55ed366cfaad382df24fe7dcbc686de5be719b207bb248e3053dc5",
                "sha256:fc7de24befaeae77ba923797c7c87834c73648a05a4bde34b3b7e5588973a453",
                "sha256:fe562eb1a64e67dd297ccc4f5addea2501664954f2692b69a76449ec7913ecbf"
            ],
            "markers": "python_version >= '3.9'",
            "version": "==2.0.0"
        },
        "channels": {
            "hashes": [
                "sha256:f2bb6bfb73ad7fb4705041d07613c7b4e69528f01ef8cb9fb6c21d9295f15667",
                "sha256:fef47e9055a603900cf16cef85f050d522d9ac4b3daccf24835bd9580705c176"
            ],
            "index": "pypi",
            "markers": "python_version >= '3.9'",
            "version": "==4.3.2"
        },
        "channels-redis": {
            "hashes": [
                "sha256:48f3e902ae2d5fef7080215524f3b4a1d3cea4e304150678f867a1a822c0d9f5",
                "sha256:740ee7b54f0e28cf2264a940a24453d3f00526a96931f911fcb69228ef245dd2"
            ],
            "index": "pypi",
            "markers": "python_version >= '3.9'",
            "version": "==4.3.0"
        },
        "chess": {
            "hashes": [
                "sha256:a8b43e5678fdb3000695bdaa573117ad683761e5ca38e591c4826eba6d25bb39"
            ],
            "markers": "python_version >= '3.8'",
            "version": "==1.11.2"
        },
        "constantly": {
            "hashes": [
                "sha256:3fd9b4d1c3dc1ec9757f3c52aef7e53ad9323dbe39f51dfd4c43853b68dfa3f9",
                "sha256:aa92b70a33e2ac0bb33cd745eb61776594dc48764b06c35e0efd050b7f1c7cbd"
            ],
            "markers": "python_version >= '3.8'",
            "version": "==23.10.4"
        },
        "cryptography": {
            "hashes": [
                "sha256:0890f502ddf7d9c6426129c3f49f5c0a39278ed7cd6322c8755ffca6ee675a13",
                "sha256:0c558d2cdffd8f4bbb30fc7134c74d2ca9a476f830bb053074498fbc86f41ed6",
                "sha256:16cd65b9330583e4619939b3a3843eec1e6e789744bb01e7c7e2e62e33c239c8",
                "sha256:18349bbc56f4743c8b12dc32e2bccb2cf83ee8b69a3bba74ef8ae857e26b3d25",
                "sha256:1e2d54c8be6152856a36f0882ab231e70f8ec7f14e93cf87db8a2ed056bf160c",
                "sha256:22a5cb272895dce158b2cacdfdc3debd299019659f42947dbdac6f32d68fe832",
                "sha256:27241b1dc9962e056062a8eef1991d02c3a24569c95975bd2322a8a52c6e5e12",
                "sha256:2b4d59804e8408e2fea7d1fbaf218e5ec984325221db76e6a241a9abd6cdd95c",
                "sha256:2eb992bbd4661238c5a397594c83f5b4dc2bc5b848c365c8f991b6780efcc5c7",
                "sha256:369a6348999f94bbd53435c894377b20ab95f25a9065c283570e70150d8abc3c",
                "sha256:3cb07a3ed6431663cd321ea8a000a1314c74211f823e4177fefa2255e057d1ec",
                "sha256:40ba1f85eaa6959837b1d51c9767e230e14612eea4ef110ee8854ada22da1bf5",
                "sha256:4defde8685ae324a9eb9d818717e93b4638ef67070ac9bc15b8ca85f63048355",
                "sha256:55b7718303bf06a5753dcdccf2f3945cf18ad7bffde41b61226e4db31ab89a9c",
                "sha256:561215ea3879cb1cbbf272867e2efda62476f240fb58c64de6b393ae19246741",
                "sha256:58d00498e8933e4a194f3076aee1b4a97dfec1a6da444535755822fe5d8b0b86",
                "sha256:59baa2cb386c4f0b9905bd6eb4c2a79a69a128408fd31d32ca4d7102d4156321",
                "sha256:5a5ed8fde7a1d09376ca0b40e68cd59c69fe23b1f9768bd5824f54681626032a",
                "sha256:5b012212e08b8dd5edc78ef54da83dd9892fd9105323b3993eff6bea65dc21d7",
                "sha256:5c3932f4436d1cccb036cb0eaef46e6e2db91035166f1ad6505c3c9d5a635920",
                "sha256:614d0949f4790582d2cc25553abd09dd723025f0c0e7c67376a1d77196743d6e",
                "sha256:76341972e1eff8b4bea859f09c0d3e64b96ce931b084f9b9b7db8ef364c30eff",
                "sha256:77a2ccbbe917f6710e05ba9adaa25fb5075620bf3ea6fb751997875aff4ae4bd",
                "sha256:7995ef305d7165c3f11ae07f2517e5a4f1d5c18da1376a0a9ed496336b69e5f3",
                "sha256:7ce4bfae76319a532a2dc68f82cc32f5676ee792a983187dac07183690e5c66f",
                "sha256:7e8eac43dfca5c4cccc6dad9a80504436fca53bb9bc3100a2386d730fbe6b602",
                "sha256:84cf79f0dc8b36ac5da873481716e87aef31fcfa0444f9e1d8b4b2cece142855",
                "sha256:8c7378637d7d88016fa6791c159f698b3d3eed28ebf844ac36b9dc04a14dae18",
                "sha256:8cd666227ef7af430aa5914a9910e0ddd703e75f039cef0825cd0da71b6b711a",
                "sha256:906cbf0670286c6e0044156bc7d4af9cbb0ef6db9f73e52c3ec56ba6bdde5336",
                "sha256:9071196d81abc88b3516ac8cdfad32e2b66dd4a5393a8e68a961e9161ddc6239",
                "sha256:9249e3cd978541d665967ac2cb2787fd6a62bddf1e75b3e347a594d7dacf4f74",
                "sha256:984a20b0f62a26f48a3396c72e4bc34c66e356d356bf370053066b3b6d54634a",
                "sha256:9be5aafa5736574f8f15f262adc81b2a9869e2cfe9014d52a44633905b40d52c",
                "sha256:9c459db21422be75e2809370b829a87eb37f74cd785fc4aa9ea1e5f43b47cda4",
                "sha256:9ccdac7d40688ecb5a3b4a604b8a88c8002e3442d6c60aead1db2a89a041560c",
                "sha256:a0e692c683f4df67815a2d258b324e66f4738bd7a96a218c826dce4f4bd05d8f",
                "sha256:a5da777e32ffed6f85a7b2b3f7c5cbc88c146bfcd0a1d7baf5fcc6c52ee35dd4",
                "sha256:a64697c641c7b1b2178e573cbc31c7c6684cd56883a478d75143dbb7118036db",
                "sha256:ad64688338ed4bc1a6618076ba75fd7194a5f1797ac60b47afe926285adb3166",
                "sha256:bd72e68b06bb1e96913f97dd4901119bc17f39d4586a5adf2d3e47bc2b9d58b5",
                "sha256:c17dfe85494deaeddc5ce251aebd1d60bbe6afc8b62071bb0b469431a000124f",
                "sha256:c18684a7f0cc9a3cb60328f496b8e3372def7c5d2df39ac267878b05565aaaae",
                "sha256:cc90c0b39b2e3c65ef52c804b72e3c58f8a04ab2a1871272798e5f9572c17d20",
                "sha256:db63bf618e5dea46c07de12e900fe1cdd2541e6dc9dbae772a70b7d4d4765f6a",
                "sha256:ea8990436d914540a40ab24b6a77c0969695ed52f4a4874c5137ccf7045a7057",
                "sha256:ecde28a596bead48b0cfd2a1b4416c3d43074c2d785e3a398d7ec1fc4d0f7fbb",
                "sha256:f5333311663ea94f75dd408665686aaf426563556bb5283554a3539177e03b8c",
                "sha256:fdfef35d751d510fcef5252703621574364fec16418c4a1e5e1055248401054b"
            ],
            "markers": "python_version >= '3.9' and python_full_version not in '3.9.0, 3.9.1'",
            "version": "==48.0.0"
        },
        "daphne": {
            "hashes": [
                "sha256:5f898e700a1fda7addf1541d7c328606415e96a7bd768405f0463c312fcb31b3",
                "sha256:881e96b387b95b35ad85acd855f229d7f5b79073d6649089c8a33f661885e055"
            ],
            "index": "pypi",
            "markers": "python_version >= '3.9'",
            "version": "==4.2.1"
        },
        "django": {
            "hashes": [
                "sha256:58a63ba841662e5c686b57ba1fec52ddd68c0b93bd96ac3029d55728f00bf8a2",
                "sha256:6f712143bd3064310d1f50fac859c3e9a274bdcfc9595339853be7779297fc76"
            ],
            "index": "pypi",
            "markers": "python_version >= '3.10'",
            "version": "==5.2.14"
        },
        "hyperlink": {
            "hashes": [
                "sha256:427af957daa58bc909471c6c40f74c5450fa123dd093fc53efd2e91d2705a56b",
                "sha256:e6b14c37ecb73e89c77d78cdb4c2cc8f3fb59a885c5b3f819ff4ed80f25af1b4"
            ],
            "version": "==21.0.0"
        },
        "idna": {
            "hashes": [
                "sha256:cc246e3a3f89580c3a951b5ad298ca4638078b2cdd4f115654332b5c26daded5",
                "sha256:d7a6da03db833450fca25d2358ac9ff06cd624577a4aea3a596d5c0f77b8e03d"
            ],
            "markers": "python_version >= '3.9'",
            "version": "==3.16"
        },
        "incremental": {
            "hashes": [
                "sha256:87d3480dbb083c1d736222511a8cf380012a8176c2456d01ef483242abbbcf8c",
                "sha256:a34450716b1c4341fe6676a0598e88a39e04189f4dce5dc96f656e040baa10b3"
            ],
            "markers": "python_version >= '3.8'",
            "version": "==24.11.0"
        },
        "msgpack": {
            "hashes": [
                "sha256:0051fffef5a37ca2cd16978ae4f0aef92f164df86823871b5162812bebecd8e2",
                "sha256:04fb995247a6e83830b62f0b07bf36540c213f6eac8e851166d8d86d83cbd014",
                "sha256:180759d89a057eab503cf62eeec0aa61c4ea1200dee709f3a8e9397dbb3b6931",
                "sha256:1d1418482b1ee984625d88aa9585db570180c286d942da463533b238b98b812b",
                "sha256:1de460f0403172cff81169a30b9a92b260cb809c4cb7e2fc79ae8d0510c78b6b",
                "sha256:1fdf7d83102bf09e7ce3357de96c59b627395352a4024f6e2458501f158bf999",
                "sha256:1fff3d825d7859ac888b0fbda39a42d59193543920eda9d9bea44d958a878029",
                "sha256:283ae72fc89da59aa004ba147e8fc2f766647b1251500182fac0350d8af299c0",
                "sha256:2929af52106ca73fcb28576218476ffbb531a036c2adbcf54a3664de124303e9",
                "sha256:2e86a607e558d22985d856948c12a3fa7b42efad264dca8a3ebbcfa2735d786c",
                "sha256:350ad5353a467d9e3b126d8d1b90fe05ad081e2e1cef5753f8c345217c37e7b8",
                "sha256:354e81bcdebaab427c3df4281187edc765d5d76bfb3a7c125af9da7a27e8458f",
                "sha256:365c0bbe981a27d8932da71af63ef86acc59ed5c01ad929e09a0b88c6294e28a",
                "sha256:372839311ccf6bdaf39b00b61288e0557916c3729529b301c52c2d88842add42",
                "sha256:3b60763c1373dd60f398488069bcdc703cd08a711477b5d480eecc9f9626f47e",
                "sha256:41d1a5d875680166d3ac5c38573896453bbbea7092936d2e107214daf43b1d4f",
                "sha256:42eefe2c3e2af97ed470eec850facbe1b5ad1d6eacdbadc42ec98e7dcf68b4b7",
                "sha256:446abdd8b94b55c800ac34b102dffd2f6aa0ce643c55dfc017ad89347db3dbdb",
                "sha256:454e29e186285d2ebe65be34629fa0e8605202c60fbc7c4c650ccd41870896ef",
                "sha256:4efd7b5979ccb539c221a4c4e16aac1a533efc97f3b759bb5a5ac9f6d10383bf",
                "sha256:5559d03930d3aa0f3aacb4c42c776af1a2ace2611871c84a75afe436695e6245",
                "sha256:5928604de9b032bc17f5099496417f113c45bc6bc21b5c6920caf34b3c428794",
                "sha256:59415c6076b1e30e563eb732e23b994a61c159cec44deaf584e5cc1dd662f2af",
                "sha256:5a46bf7e831d09470ad92dff02b8b1ac92175ca36b087f904a0519857c6be3ff",
                "sha256:602b6740e95ffc55bfb078172d279de3773d7b7db1f703b2f1323566b878b90e",
                "sha256:61c8aa3bd513d87c72ed0b37b53dd5c5a0f58f2ff9f26e1555d3bd7948fb7296",
                "sha256:67016ae8c8965124fdede9d3769528ad8284f14d635337ffa6a713a580f6c030",
                "sha256:6bde749afe671dc44893f8d08e83bf475a1a14570d67c4bb5cec5573463c8833",
                "sha256:6c15b7d74c939ebe620dd8e559384be806204d73b4f9356320632d783d1f7939",
                "sha256:70a0dff9d1f8da25179ffcf880e10cf1aad55fdb63cd59c9a49a1b82290062aa",
                "sha256:70c5a7a9fea7f036b716191c29047374c10721c389c21e9ffafad04df8c52c90",
                "sha256:7bc8813f88417599564fafa59fd6f95be417179f76b40325b500b3c98409757c",
                "sha256:80a0ff7d4abf5fecb995fcf235d4064b9a9a8a40a3ab80999e6ac1e30b702717",
                "sha256:86f8136dfa5c116365a8a651a7d7484b65b13339731dd6faebb9a0242151c406",
                "sha256:897c478140877e5307760b0ea66e0932738879e7aa68144d9b78ea4c8302a84a",
                "sha256:8b696e83c9f1532b4af884045ba7f3aa741a63b2bc22617293a2c6a7c645f251",
                "sha256:8e22ab046fa7ede9e36eeb4cfad44d46450f37bb05d5ec482b02868f451c95e2",
                "sha256:94fd7dc7d8cb0a54432f296f2246bc39474e017204ca6f4ff345941d4ed285a7",
                "sha256:99e2cb7b9031568a2a5c73aa077180f93dd2e95b4f8d3b8e14a73ae94a9e667e",
                "sha256:9ade919fac6a3e7260b7f64cea89df6bec59104987cbea34d34a2fa15d74310b",
                "sha256:9fba231af7a933400238cb357ecccf8ab5d51535ea95d94fc35b7806218ff844",
                "sha256:a465f0dceb8e13a487e54c07d04ae3ba131c7c5b95e2612596eafde1dccf64a9",
                "sha256:a605409040f2da88676e9c9e5853b3449ba8011973616189ea5ee55ddbc5bc87",
                "sha256:a668204fa43e6d02f89dbe79a30b0d67238d9ec4c5bd8a940fc3a004a47b721b",
                "sha256:a7787d353595c7c7e145e2331abf8b7ff1e6673a6b974ded96e6d4ec09f00c8c",
                "sha256:a8f6e7d30253714751aa0b0c84ae28948e852ee7fb0524082e6716769124bc23",
                "sha256:ad09b984828d6b7bb52d1d1d0c9be68ad781fa004ca39216c8a1e63c0f34ba3c",
                "sha256:bafca952dc13907bdfdedfc6a5f579bf4f292bdd506fadb38389afa3ac5b208e",
                "sha256:be52a8fc79e45b0364210eef5234a7cf8d330836d0a64dfbb878efa903d84620",
                "sha256:be5980f3ee0e6bd44f3a9e9dea01054f175b50c3e6cdb692bc9424c0bbb8bf69",
                "sha256:c63eea553c69ab05b6747901b97d620bb2a690633c77f23feb0c6a947a8a7b8f",
                "sha256:d198d275222dc54244bf3327eb8cbe00307d220241d9cec4d306d49a44e85f68",
                "sha256:d62ce1f483f355f61adb5433ebfd8868c5f078d1a52d042b0a998682b4fa8c27",
                "sha256:d99ef64f349d5ec3293688e91486c5fdb925ed03807f64d98d205d2713c60b46",
                "sha256:db6192777d943bdaaafb6ba66d44bf65aa0e9c5616fa1d2da9bb08828c6b39aa",
                "sha256:e23ce8d5f7aa6ea6d2a2b326b4ba46c985dbb204523759984430db7114f8aa00",
                "sha256:e64c8d2f5e5d5fda7b842f55dec6133260ea8f53c4257d64494c534f306bf7a9",
                "sha256:e69b39f8c0aa5ec24b57737ebee40be647035158f14ed4b40e6f150077e21a84",
                "sha256:ea5405c46e690122a76531ab97a079e184c0daf491e588592d6a23d3e32af99e",
                "sha256:f2cb069d8b981abc72b41aea1c580ce92d57c673ec61af4c500153a626cb9e20",
                "sha256:fac4be746328f90caa3cd4bc67e6fe36ca2bf61d5c6eb6d895b6527e3f05071e",
                "sha256:fffee09044073e69f2bad787071aeec727183e7580443dfeb8556cbf1978d162"
            ],
            "markers": "python_version >= '3.9'",
            "version": "==1.1.2"
        },
        "packaging": {
            "hashes": [
                "sha256:5fc45236b9446107ff2415ce77c807cee2862cb6fac22b8a73826d0693b0980e",
                "sha256:ff452ff5a3e828ce110190feff1178bb1f2ea2281fa2075aadb987c2fb221661"
            ],
            "markers": "python_version >= '3.8'",
            "version": "==26.2"
        },
        "py-ubjson": {
            "hashes": [
                "sha256:b9bfb8695a1c7e3632e800fb83c943bf67ed45ddd87cd0344851610c69a5a482"
            ],
            "version": "==0.16.1"
        },
        "pyasn1": {
            "hashes": [
                "sha256:697a8ecd6d98891189184ca1fa05d1bb00e2f84b5977c481452050549c8a72cf",
                "sha256:a80184d120f0864a52a073acc6fc642847d0be408e7c7252f31390c0f4eadcde"
            ],
            "markers": "python_version >= '3.8'",
            "version": "==0.6.3"
        },
        "pyasn1-modules": {
            "hashes": [
                "sha256:29253a9207ce32b64c3ac6600edc75368f98473906e8fd1043bd6b5b1de2c14a",
                "sha256:677091de870a80aae844b1ca6134f54652fa2c8c5a52aa396440ac3106e941e6"
            ],
            "markers": "python_version >= '3.8'",
            "version": "==0.4.2"
        },
        "pycparser": {
            "hashes": [
                "sha256:600f49d217304a5902ac3c37e1281c9fe94e4d0489de643a9504c5cdfdfc6b29",
                "sha256:b727414169a36b7d524c1c3e31839a521725078d7b2ff038656844266160a992"
            ],
            "markers": "python_version >= '3.10'",
            "version": "==3.0"
        },
        "pyopenssl": {
            "hashes": [
                "sha256:4f9d971bc5298b8bc1fab282803da04bf000c755d4ad9d99b52de2569ca19a70",
                "sha256:8c6fcecd1183a7fc897548dfe388b0cdb7f37e018200d8409cf33959dbe35387"
            ],
            "markers": "python_version >= '3.8'",
            "version": "==26.2.0"
        },
        "python-chess": {
            "hashes": [
                "sha256:8cad0388c42242d890ac6368ad64def15cd0165db033df0ad479492e266e5e6c",
                "sha256:93b562f8f1124cb7bf56fb095e18743758e69dc6a028ccda0badcaa5c59d88c8"
            ],
            "index": "pypi",
            "version": "==1.999"
        },
        "redis": {
            "hashes": [
                "sha256:64a6ea7bf567ad43c964d2c30d82853f8df927c5c9017766c55a1d1ed95d18ad",
                "sha256:a9c74a5c893a5ef8455a5adb793a31bb70feb821c86eccb62eebef5a19c429ec"
            ],
            "markers": "python_version >= '3.10'",
            "version": "==7.4.0"
        },
        "service-identity": {
            "hashes": [
                "sha256:6b047fbd8a84fd0bb0d55ebce4031e400562b9196e1e0d3e0fe2b8a59f6d4a85",
                "sha256:b8683ba13f0d39c6cd5d625d2c5f65421d6d707b013b375c355751557cbe8e09"
            ],
            "markers": "python_version >= '3.8'",
            "version": "==24.2.0"
        },
        "sqlparse": {
            "hashes": [
                "sha256:12a08b3bf3eec877c519589833aed092e2444e68240a3577e8e26148acc7b1ba",
                "sha256:e20d4a9b0b8585fdf63b10d30066c7c94c5d7a7ec47c889a2d83a3caa93ff28e"
            ],
            "markers": "python_version >= '3.8'",
            "version": "==0.5.5"
        },
        "twisted": {
            "extras": [
                "tls"
            ],
            "hashes": [
                "sha256:dbfd0fe1ee409d0243fdd7a6a6ff14f4948cec1fd78e0376291f805e1501fae9",
                "sha256:dc25ea0ebf6511c24f03232ee9f4afa54b291c5d897990e3a39cc4d14a1ef4c0"
            ],
            "markers": "python_full_version >= '3.9.12'",
            "version": "==26.4.0"
        },
        "txaio": {
            "hashes": [
                "sha256:5f6cd6c6b397fc3305790d15efd46a2d5b91cdbefa96543b4f8666aeb56ba026",
                "sha256:9f232c21e12aa1ff52690e365b5a0ecfd42cc27a6ec86e1b92ece88f763f4b78"
            ],
            "markers": "python_version >= '3.11'",
            "version": "==25.12.2"
        },
        "typing-extensions": {
            "hashes": [
                "sha256:0cea48d173cc12fa28ecabc3b837ea3cf6f38c6d1136f85cbaaf598984861466",
                "sha256:f0fa19c6845758ab08074a0cfa8b7aecb71c999ca73d62883bc25cc018c4e548"
            ],
            "markers": "python_version >= '3.9'",
            "version": "==4.15.0"
        },
        "tzdata": {
            "hashes": [
                "sha256:9173fde7d80d9018e02a662e168e5a2d04f87c41ea174b139fbef642eda62d10",
                "sha256:bbe9af844f658da81a5f95019480da3a89415801f6cc966806612cc7169bffe7"
            ],
            "markers": "python_version >= '2'",
            "version": "==2026.2"
        },
        "ujson": {
            "hashes": [
                "sha256:07f307780f85b49cba93f291718421b6f5f3b627a323b431fad937a18f6587cb",
                "sha256:080bc65ac7c0a6314d45d55b6171d3a48b1aeaf89895654d625b291cfe46309f",
                "sha256:0be2b4f2f547b9f0f3d902640e410e5a2fc851576cbe033c88445a23e3e7aef1",
                "sha256:10f44bd08ae52ee23ca6e8b472692e5da1768af2d53ff1bad6f40b532e0bc7ee",
                "sha256:12e99e49c62322ed0394c914aff15403ba7ede0b74f05a0faa4ec12c7d17a139",
                "sha256:191d2077fd53441599a2efd3dcc205b9cc5f3a4d685a76e9f73f4b6c19aee0c9",
                "sha256:19ea07e29a45d199f926aadf93a9974128438c01b83141fba32477c0ee604b33",
                "sha256:1a09636220f26c66f80c6c6283023cb53120e843825f890be92696cd1aa43f39",
                "sha256:1c335caea51c31494e514b82d50763b9792d3960d2c7d9fdb6b6fb8ed50ebdd0",
                "sha256:251ba8229e19b4b0b3efb5e7e3ddfa67c5c466aa492707bc3f6568bf714604dc",
                "sha256:26dcb43869057373048cbd2678293c5b0f962d5774cc76fc9488564a209bcbf2",
                "sha256:289f13095764d03734adfa10107da9b530ceb64dc1b02a5f507588d978d5b7df",
                "sha256:29d1d64ed2c3c17666f4f0e15462800f3477255dc53667ad5d099277866c5666",
                "sha256:2cfbd6b0c677d5d053964b8f98d8bb1af10c591c8c24454bcd40006ac8ba18db",
                "sha256:3a6efff7dc6515416366819de4a1bc449b77107c5b48508b101fd40f7f8bec08",
                "sha256:3e30fa6bc7156ed709e13f8b52e917db08fbfd611ba61346b62630974ec0ba8e",
                "sha256:427893168d074e59214b0ee058337c57f5bb80175cdd5b4799a9c931aae22022",
                "sha256:45022aae09ac3d45bda6fbfc631088d1aff9a0465542d40bd6d295ced378c430",
                "sha256:46315b82505c99101dcab3bd979f15fecfde85c02df7efbb4e428fa357665290",
                "sha256:485f0182a0c0b54c304061cdc826d8343ce595c4055f7a24e72772a8520e5f7b",
                "sha256:49dd9c378e1c8e676785ff2b62cb490074229f15ab54abf45b623713cb2c36b5",
                "sha256:4e12ca368b397aed7fa1eec534ea1ba8d94977b376f9df3e93ae1acfd004ec40",
                "sha256:4ea0c490c702c20495e97345acfcf0c2f3153e658ef537ff111929c48b89e10a",
                "sha256:4f39ba3b65cc637b59731532f7e7c807786bff1d0332ab2d5b96a04d2584d78f",
                "sha256:50d07e79ec70d32b4fbe18ab706ed0b172be08710d5901b9d067d7951bfaa164",
                "sha256:558673c6c3a2309775683ca96d5f1e4cd99889f71b1ba5cb6be8aa37ae67f9e0",
                "sha256:5b7e96406c301a1366534479a7352ec40ec68bb327c0c119091635acd5925e35",
                "sha256:5dc91fa06ea35920b704fd9d70871897680145998071cfbf5ee3e19f2c9fc242",
                "sha256:66005b49c753a1b9f2f8853919dc58e1e6bd66846ea341a33afa76c6d7602485",
                "sha256:696224d4cfb8883fa5c0285dff31e5ce924704dd9ccd38e9ea8b5bf4a42b12fc",
                "sha256:6cc6ea753b7303fa5629fa9ac9257ea4b001c4d72583b2bb36ff1855a07db49f",
                "sha256:6d8827904358d7da59ccf2e1fd8de59e78248036d17fecc0462e62c6721f1102",
                "sha256:6f19e9a407a24230df0cc1ec1c0f5999872ba526b14a780f80ad6479f5eed9bc",
                "sha256:71bdb5d10c6d7e710cfa78e743d9fb79a37c7c66fa916cd287bffbaa520f5abe",
                "sha256:727e983ef27892d86ee2d28fd517eeb02b2c1165aafcbe929dce988aeee81bfe",
                "sha256:757f2026bef09d231d63a2250a2c7ad21ea1c9cb1ded6480659d202c4e2ef09e",
                "sha256:758e5c8fbe4e6d483041e03b307b01fb5d2f2dd4452d4d4b927ab902e188939e",
                "sha256:7642a41520ac1b2bc25ea282b66b8da522cc43424442e6fb5e039be4d4f96530",
                "sha256:77a71fe53427a0cf49d56eafd801d9f7e203b784b7f99cc717783fd6f6f7b732",
                "sha256:7957b64583793042521f7f7c71c01626b3d32a17528eaab980eb8cdc3d4eec68",
                "sha256:7bba5ab7965619db7d6f5503133b8e2d8bfce9bb6754224ca64d19261cc52f7c",
                "sha256:7dc5cf44ea42365cd1b66e6ed3fc6ca040c86587b024a6659b98e99d31cff2cd",
                "sha256:7e31afad20cd6837a5ac6965d95b44b0ff06e42a82b01a8d3dc606a07f0b7a2a",
                "sha256:80f58ae2be100da0f525330ee274accd8892d1c125fea75076f60539d9a5f9cd",
                "sha256:8416bb724db9accfa97bdb77245952494b1800c23e42defd46afb5c661c9af19",
                "sha256:8aa731138d6dfca4ab84501b72384e6c544bfb48cb87a0dd4d304df3246cac25",
                "sha256:8b657e870c77aaacdeea86cfad3e6d2ef9b52517e45988c9c367f7ee764fe4dd",
                "sha256:8df5d984ff4ac1ef292d70f30da03417038a7e1e0bc272d28ca9d34f02f41682",
                "sha256:949cb4863a5d4847edeb47c5364b334e8cadf23a7cbdaa547d86098a4b093106",
                "sha256:9523d67d45334f9a1d62e423bd72be62b58d2289a50420ffffa9363763eab73f",
                "sha256:963287e4b1bc463735c4056968a2dfa59bb831b6daba68bddd14f451191fe9e5",
                "sha256:984b5a99d1e0a037c2046c3c4b34cec832565d62d5017be0a035bf3cbfab72dc",
                "sha256:a7a81724d5d90a2da7155d15d8b156ce57eaed7cdd622df813f36a8e612fd4c8",
                "sha256:b21b4c680594c8686bcd4cdda0fd3ea2567b9d42bcf1d1e3d92d39bcdb02e8f1",
                "sha256:b22aa0f644516d3d5b29464949e4b23fe784f84b4a1030ab9ac3cb42aaedabb1",
                "sha256:b2c419bf42ae40963fc27f70c59e24e9a97f5cf168dbce2c572f3c0ce3595912",
                "sha256:b5db0849c0e3da54822a5834f2dc51d7c51072d7f7d665014ee34600dc10889b",
                "sha256:b6afa86c117b66034004ee83c5149c6dccf7cb88941f9d3a1640c7076577f2d4",
                "sha256:bca3f04b2f590a8211acdc3ca06649b65a7ed1e999437dccf095310be9d3ba4e",
                "sha256:bdc6b277dcd27663f7fb76b6a5088424c66e0407c23e9884f80cd733f7d71b19",
                "sha256:c4bdc052a5d097f0a2e56d93aed97355f9f7a62ef9baa4f8517e43245434af9c",
                "sha256:c6d3bdd020333688ee60559437021ed68a98a28fdd609b5af16de5dd58f90cba",
                "sha256:c8e626b6bc9bdd2e8f7393b7d99f3daa2ca4022e6203662e70de7bb3604b21b9",
                "sha256:cec6b9b539539affc1f01a795c99574592a635ce22331b64f2b42e0af570659e",
                "sha256:d57d731ecf492d3d011e65369f8330654f0875b19f646be5270d478e843d3b81",
                "sha256:d90d27953716ef206c42f166932b3dbb264dc638bbf32acae81b216ae35f566d",
                "sha256:dc26caebea90425662ef0b979f945f6ac832651881107d6ec9a3c4d4a4ba929c",
                "sha256:e08d9e096c416ddc34519241f97c201258b42639f2012d9547d8ae32921800dd",
                "sha256:e3c9c894971f4ada3ded16a804ed4640e1f2b3e5239beaeec7c48296f39f4232",
                "sha256:e4b0c9f6a56aa94bb98b403e1f57a866f0b43abaa89757b24d4a4b3cd8643ced",
                "sha256:ea3bed53d2ea8e5642e814a9e41f3e29420a8067874ba03ace8c0462e160490c",
                "sha256:ee83fbac03a0896faf190177c938f94eb610b798d495a19d50997242c4eca685",
                "sha256:f48ef8a16f1d85bd7982beac7adfd3fb704058631db84c1c61c8a1b7072b1508",
                "sha256:f6074d3d3267ba1914c624b6e1fa3d8152648ff36b0ab77ddf83b92db488c30d",
                "sha256:f67c5f0d64eba0fbbd6d2d6a79b0c43c5bc06f27564378fd5d716e0d40360068",
                "sha256:f75caed5b6d1fc271bb720a780c4199914267f7b865f9bf17826c4feccea582c"
            ],
            "markers": "python_version >= '3.10'",
            "version": "==5.12.1"
        },
        "zope-interface": {
            "hashes": [
                "sha256:049ba3c7b38cc400ae08e011617635706e0f442e1d075db1b015246fcbf6091e",
                "sha256:04c2c9b58e9c177628715d85e94834efa807c1f9f0a2f57ae0f7b553e8266ac4",
                "sha256:0d88c1f106a4f06e074a3ada2d20f4a602e3f2871c4f55726ed5d91e94ec19b1",
                "sha256:265bad2df2ec070f23ff863249a89b408b11908fd4207662781fd18e3c6fc912",
                "sha256:29f09ec8bda65f7b30294328070070a2590b90f252f834ee0817cdb0e2c35f6a",
                "sha256:2bc388cebcb753d21eaf2a0481fd6f0ce6840a47300a40dcec0b56bac27d0f97",
                "sha256:2e9e4aa33b76877af903d5532545e64d24ade0f6f80d9d1a31e6efcea76a60bc",
                "sha256:36c575356732d59ffd3279ad67e302a6fe517e67db5b061b36b377ee0fa016c4",
                "sha256:376d0ef005a131b349e2088e302aa094fa23c826d2ec8a7db4b00fb33c71e0d9",
                "sha256:3e5866917ccb57d929e515a1136d729bd3fa4f367965fb16e38a4bc72cb05521",
                "sha256:415de524326ddd61a78f0816f65942fa1aa35dced19e72579ad30dd106ce523e",
                "sha256:4713bf651ec36e7eea49d2ace4f0e89bec2b33a339674874b1121f2537edc62a",
                "sha256:4ae6a1e111642dbf724f635424dcaf5a5c8abbde49eac3f452f5323ffaa10232",
                "sha256:5ec1a56b6cf9a757cbbce9da38284a01473b92b96c1517eabd99150f51f1bb69",
                "sha256:7cbb887fdbfaacb4c362dbb487033551646e28013ad5ffe72e96eb260003a1a1",
                "sha256:81ed23698bfb588c48b1756129814b890febac971ff6c8a414f82601773145bb",
                "sha256:84064876ed96ddd0744e3ad5d37134c758d77885e54113567792671405a02bac",
                "sha256:8544081e32b515bbaf1c6339eef06b23ed470cf4876ff2f575803f82a744cc43",
                "sha256:892b4b5350e58d6914858f58eb85d39fe9b992640ac6ece695f46c978046554d",
                "sha256:8b302f955c36e924e1f4fe70dd9105ff06235857861c6ae72c3b10b016aeee99",
                "sha256:8b733af6e89a2b0b8edf5ff7a37988fe4e1788806e84e72127b88c47858f0da6",
                "sha256:8d683267a6243526869cb69677dcfc663416d5f87904c1576ddec6e420687d51",
                "sha256:9c4ac009c2c8e43283842f80387c4d4b41bcbc293391c3b9ab71532ae1ccc301",
                "sha256:9dbee7925a23aa6349738892c911019d4095a96cff487b743482073ecbc174a8",
                "sha256:a5638c6be715116d3453e6d099c299c6844d54810de7445ce116424e905ede06",
                "sha256:b8147b40bfcd53803870a9519e0879ff066aeecc2fcff8295663c1b17fc38dc2",
                "sha256:caffd033b27e311b45e15f01923cc9e73c6bfd8e843b4532e29b59ee432bf893",
                "sha256:cd55965d715413038774aead54851bc3dbdd74a69f3ce30252182a94407b9905",
                "sha256:d934497c4b72d5f528d2b5ebe9b8b5a7004b5877948ebd4ea00c2432fb27178f",
                "sha256:e0b9d7e958657fad414f8272afcdf0b8a873fbbb2bb6a6287232d2f11a232bf8",
                "sha256:e195e76767847afb5379ffd67690c17d3c6efdab58dc0e477cf81ac94d5a5a15",
                "sha256:eef0a49e041f4dc4d2a6ab894b4fd0c5354e0e8037e731fb953531e59b0d3d33",
                "sha256:f00fd65343d2a241a2b17688a12f5e815aa704ed64f9ca375de5f9e0ae9c9bda",
                "sha256:f1f854bef8bc137519e4413bcc1322d55faad28b20b3ca39f7bec49d2f1b26df",
                "sha256:fa0a26d5767087170b3da9ff503221d535ea266bf61b522d0afa2590fd05db0a"
            ],
            "markers": "python_version >= '3.10'",
            "version": "==8.4"
        }
    },
    "develop": {}
}
